<Solution>
  <Project Path="Array Excercises/Array Excercises.csproj" Id="fabdf31c-71b4-4edb-85a1-aa3bafa12fe8" />
  <Project Path="BirthdayGetter/BirthdayGetter.csproj" />
  <Project Path="Calc/Calc.csproj" Id="ef884f3e-07ce-407a-876b-f146a2535253" />
  <Project Path="Gadwal El-Darb/Gadwal El-Darb.csproj" Id="eee04392-f917-4687-95fc-e251b5ebc24e" />
  <Project Path="Loops Excersice/Loops Excersice.csproj" Id="ee0c91be-34fa-41ee-b67d-ac35f21d401a" />
  <Project Path="Methods Excercises/Methods Excercises.csproj" Id="9462508d-0e57-4fb7-afb4-676c5babf2e7" />
  <Project Path="OOP Excercises/OOP Excercises.csproj" Id="19b05b92-ccbe-4eec-becd-c3cebb467252" />
  <Project Path="Simple CLI/Simple CLI.csproj" Id="c814df0e-a99a-46f4-b813-ef7c6dd4eee1" />
  <Project Path="String Manipulation/String Manipulation.csproj" Id="8b471c7c-e84f-4de1-98c0-953a40b5bbea" />
  <Project Path="Task TrackerEx1/Task TrackerEx1.csproj" Id="f964f01d-6a5d-4d97-9412-a1fb1ae9cbe1" />
</Solution>
